
Microsoft Visual Studio Solution File, Format Version 12.00
# Visual Studio Version 17
VisualStudioVersion = 17.9.34902.65
MinimumVisualStudioVersion = 10.0.40219.1
Project("{9A19103F-16F7-4668-BE54-9A1E7A4F7556}") = "populate-db", "populate-db\populate-db.csproj", "{1C13C0E5-A454-44E4-A2A2-011ECC1FFFE3}"
EndProject
Project("{9A19103F-16F7-4668-BE54-9A1E7A4F7556}") = "populate-db-2", "populate-db-2\populate-db-2.csproj", "{60E8CC76-4B63-41EB-8DCE-5E787E5D469E}"
EndProject
Project("{9A19103F-16F7-4668-BE54-9A1E7A4F7556}") = "ElasticSearch", "ElasticSearch\ElasticSearch.csproj", "{9907B8DE-A168-4EE8-A272-96A5B7E7FEFB}"
EndProject
Project("{9A19103F-16F7-4668-BE54-9A1E7A4F7556}") = "ElasticSearchAPI", "ElasticSearchAPI\ElasticSearchAPI.csproj", "{BB6F81FE-95A7-464C-A6EF-A7BD81E52AFE}"
EndProject
Project("{FAE04EC0-301F-11D3-BF4B-00C04F79EFBC}") = "ApacheSolr", "ApacheSolr\ApacheSolr.csproj", "{A7A0A335-6E3B-4FD5-8649-54A338244F80}"
EndProject
Global
	GlobalSection(SolutionConfigurationPlatforms) = preSolution
		Debug|Any CPU = Debug|Any CPU
		Release|Any CPU = Release|Any CPU
	EndGlobalSection
	GlobalSection(ProjectConfigurationPlatforms) = postSolution
		{1C13C0E5-A454-44E4-A2A2-011ECC1FFFE3}.Debug|Any CPU.ActiveCfg = Debug|Any CPU
		{1C13C0E5-A454-44E4-A2A2-011ECC1FFFE3}.Debug|Any CPU.Build.0 = Debug|Any CPU
		{1C13C0E5-A454-44E4-A2A2-011ECC1FFFE3}.Release|Any CPU.ActiveCfg = Release|Any CPU
		{1C13C0E5-A454-44E4-A2A2-011ECC1FFFE3}.Release|Any CPU.Build.0 = Release|Any CPU
		{60E8CC76-4B63-41EB-8DCE-5E787E5D469E}.Debug|Any CPU.ActiveCfg = Debug|Any CPU
		{60E8CC76-4B63-41EB-8DCE-5E787E5D469E}.Debug|Any CPU.Build.0 = Debug|Any CPU
		{60E8CC76-4B63-41EB-8DCE-5E787E5D469E}.Release|Any CPU.ActiveCfg = Release|Any CPU
		{60E8CC76-4B63-41EB-8DCE-5E787E5D469E}.Release|Any CPU.Build.0 = Release|Any CPU
		{9907B8DE-A168-4EE8-A272-96A5B7E7FEFB}.Debug|Any CPU.ActiveCfg = Debug|Any CPU
		{9907B8DE-A168-4EE8-A272-96A5B7E7FEFB}.Debug|Any CPU.Build.0 = Debug|Any CPU
		{9907B8DE-A168-4EE8-A272-96A5B7E7FEFB}.Release|Any CPU.ActiveCfg = Release|Any CPU
		{9907B8DE-A168-4EE8-A272-96A5B7E7FEFB}.Release|Any CPU.Build.0 = Release|Any CPU
		{BB6F81FE-95A7-464C-A6EF-A7BD81E52AFE}.Debug|Any CPU.ActiveCfg = Debug|Any CPU
		{BB6F81FE-95A7-464C-A6EF-A7BD81E52AFE}.Debug|Any CPU.Build.0 = Debug|Any CPU
		{BB6F81FE-95A7-464C-A6EF-A7BD81E52AFE}.Release|Any CPU.ActiveCfg = Release|Any CPU
		{BB6F81FE-95A7-464C-A6EF-A7BD81E52AFE}.Release|Any CPU.Build.0 = Release|Any CPU
		{A7A0A335-6E3B-4FD5-8649-54A338244F80}.Debug|Any CPU.ActiveCfg = Debug|Any CPU
		{A7A0A335-6E3B-4FD5-8649-54A338244F80}.Debug|Any CPU.Build.0 = Debug|Any CPU
		{A7A0A335-6E3B-4FD5-8649-54A338244F80}.Release|Any CPU.ActiveCfg = Release|Any CPU
		{A7A0A335-6E3B-4FD5-8649-54A338244F80}.Release|Any CPU.Build.0 = Release|Any CPU
	EndGlobalSection
	GlobalSection(SolutionProperties) = preSolution
		HideSolutionNode = FALSE
	EndGlobalSection
	GlobalSection(ExtensibilityGlobals) = postSolution
		SolutionGuid = {141ADBD1-9559-4048-ABFF-6DA59F73E662}
	EndGlobalSection
EndGlobal
