
Microsoft Visual Studio Solution File, Format Version 12.00
# Visual Studio Version 17
VisualStudioVersion = 17.9.34902.65
MinimumVisualStudioVersion = 10.0.40219.1
Project("{9A19103F-16F7-4668-BE54-9A1E7A4F7556}") = "populate-db-2", "populate-db-2\populate-db-2.csproj", "{60E8CC76-4B63-41EB-8DCE-5E787E5D469E}"
EndProject
Project("{9A19103F-16F7-4668-BE54-9A1E7A4F7556}") = "ElasticSearch", "ElasticSearch\ElasticSearch.csproj", "{9907B8DE-A168-4EE8-A272-96A5B7E7FEFB}"
EndProject
Project("{9A19103F-16F7-4668-BE54-9A1E7A4F7556}") = "ElasticSearchAPI", "ElasticSearchAPI\ElasticSearchAPI.csproj", "{BB6F81FE-95A7-464C-A6EF-A7BD81E52AFE}"
EndProject
Project("{FAE04EC0-301F-11D3-BF4B-00C04F79EFBC}") = "ApacheSolr", "ApacheSolr\ApacheSolr.csproj", "{A7A0A335-6E3B-4FD5-8649-54A338244F80}"
EndProject
Project("{FAE04EC0-301F-11D3-BF4B-00C04F79EFBC}") = "ApacheSolrAPI", "ApacheSolrAPI\ApacheSolrAPI.csproj", "{4B147C56-087F-4970-B6BB-33083B9A4F31}"
EndProject
Project("{2150E333-8FDC-42A3-9474-1A3956D46DE8}") = "Solution Items", "Solution Items", "{8EC462FD-D22E-90A8-E5CE-7E832BA40C5D}"
	ProjectSection(SolutionItems) = preProject
		DockerDesktopCommands.txt = DockerDesktopCommands.txt
		FindBenchmarkResults.txt = FindBenchmarkResults.txt
	EndProjectSection
EndProject
Project("{FAE04EC0-301F-11D3-BF4B-00C04F79EFBC}") = "SearchBenchmarking.Library", "SearchBenchmarking.Library\SearchBenchmarking.Library.csproj", "{70654FB2-A305-4EFB-B1A6-DA425278AF72}"
EndProject
Project("{FAE04EC0-301F-11D3-BF4B-00C04F79EFBC}") = "SearchBenchmarking.Solr.Api", "SearchBenchmarking.Solr.Api\SearchBenchmarking.Solr.Api.csproj", "{A9D3CED2-2850-4775-9D20-DDAB61956C43}"
EndProject
Project("{FAE04EC0-301F-11D3-BF4B-00C04F79EFBC}") = "SearchBenchmarking.Elasticsearch.Api", "SearchBenchmarking.Elasticsearch.Api\SearchBenchmarking.Elasticsearch.Api.csproj", "{E1B768D7-6C33-49DA-8347-D99D59BB8735}"
	ProjectSection(ProjectDependencies) = postProject
		{70654FB2-A305-4EFB-B1A6-DA425278AF72} = {70654FB2-A305-4EFB-B1A6-DA425278AF72}
	EndProjectSection
EndProject
Project("{FAE04EC0-301F-11D3-BF4B-00C04F79EFBC}") = "SearchBenchmarking.PerformanceTests", "SearchBenchmarking.PerformanceTests\SearchBenchmarking.PerformanceTests.csproj", "{5B44CE2F-4446-408F-9EC6-CCEE0F1B1449}"
	ProjectSection(ProjectDependencies) = postProject
		{A9D3CED2-2850-4775-9D20-DDAB61956C43} = {A9D3CED2-2850-4775-9D20-DDAB61956C43}
		{E1B768D7-6C33-49DA-8347-D99D59BB8735} = {E1B768D7-6C33-49DA-8347-D99D59BB8735}
	EndProjectSection
EndProject
Project("{FAE04EC0-301F-11D3-BF4B-00C04F79EFBC}") = "SearchBenchmarking.Sql.Api", "SearchBenchmarking.Sql.Api\SearchBenchmarking.Sql.Api.csproj", "{2318E341-1DC3-41E6-804D-C67D959387DF}"
	ProjectSection(ProjectDependencies) = postProject
		{70654FB2-A305-4EFB-B1A6-DA425278AF72} = {70654FB2-A305-4EFB-B1A6-DA425278AF72}
	EndProjectSection
EndProject
Global
	GlobalSection(SolutionConfigurationPlatforms) = preSolution
		Debug|Any CPU = Debug|Any CPU
		Release|Any CPU = Release|Any CPU
	EndGlobalSection
	GlobalSection(ProjectConfigurationPlatforms) = postSolution
		{60E8CC76-4B63-41EB-8DCE-5E787E5D469E}.Debug|Any CPU.ActiveCfg = Debug|Any CPU
		{60E8CC76-4B63-41EB-8DCE-5E787E5D469E}.Debug|Any CPU.Build.0 = Debug|Any CPU
		{60E8CC76-4B63-41EB-8DCE-5E787E5D469E}.Release|Any CPU.ActiveCfg = Release|Any CPU
		{60E8CC76-4B63-41EB-8DCE-5E787E5D469E}.Release|Any CPU.Build.0 = Release|Any CPU
		{9907B8DE-A168-4EE8-A272-96A5B7E7FEFB}.Debug|Any CPU.ActiveCfg = Debug|Any CPU
		{9907B8DE-A168-4EE8-A272-96A5B7E7FEFB}.Debug|Any CPU.Build.0 = Debug|Any CPU
		{9907B8DE-A168-4EE8-A272-96A5B7E7FEFB}.Release|Any CPU.ActiveCfg = Release|Any CPU
		{9907B8DE-A168-4EE8-A272-96A5B7E7FEFB}.Release|Any CPU.Build.0 = Release|Any CPU
		{BB6F81FE-95A7-464C-A6EF-A7BD81E52AFE}.Debug|Any CPU.ActiveCfg = Debug|Any CPU
		{BB6F81FE-95A7-464C-A6EF-A7BD81E52AFE}.Debug|Any CPU.Build.0 = Debug|Any CPU
		{BB6F81FE-95A7-464C-A6EF-A7BD81E52AFE}.Release|Any CPU.ActiveCfg = Release|Any CPU
		{BB6F81FE-95A7-464C-A6EF-A7BD81E52AFE}.Release|Any CPU.Build.0 = Release|Any CPU
		{A7A0A335-6E3B-4FD5-8649-54A338244F80}.Debug|Any CPU.ActiveCfg = Debug|Any CPU
		{A7A0A335-6E3B-4FD5-8649-54A338244F80}.Debug|Any CPU.Build.0 = Debug|Any CPU
		{A7A0A335-6E3B-4FD5-8649-54A338244F80}.Release|Any CPU.ActiveCfg = Release|Any CPU
		{A7A0A335-6E3B-4FD5-8649-54A338244F80}.Release|Any CPU.Build.0 = Release|Any CPU
		{4B147C56-087F-4970-B6BB-33083B9A4F31}.Debug|Any CPU.ActiveCfg = Debug|Any CPU
		{4B147C56-087F-4970-B6BB-33083B9A4F31}.Debug|Any CPU.Build.0 = Debug|Any CPU
		{4B147C56-087F-4970-B6BB-33083B9A4F31}.Release|Any CPU.ActiveCfg = Release|Any CPU
		{4B147C56-087F-4970-B6BB-33083B9A4F31}.Release|Any CPU.Build.0 = Release|Any CPU
		{70654FB2-A305-4EFB-B1A6-DA425278AF72}.Debug|Any CPU.ActiveCfg = Debug|Any CPU
		{70654FB2-A305-4EFB-B1A6-DA425278AF72}.Debug|Any CPU.Build.0 = Debug|Any CPU
		{70654FB2-A305-4EFB-B1A6-DA425278AF72}.Release|Any CPU.ActiveCfg = Release|Any CPU
		{70654FB2-A305-4EFB-B1A6-DA425278AF72}.Release|Any CPU.Build.0 = Release|Any CPU
		{A9D3CED2-2850-4775-9D20-DDAB61956C43}.Debug|Any CPU.ActiveCfg = Debug|Any CPU
		{A9D3CED2-2850-4775-9D20-DDAB61956C43}.Debug|Any CPU.Build.0 = Debug|Any CPU
		{A9D3CED2-2850-4775-9D20-DDAB61956C43}.Release|Any CPU.ActiveCfg = Release|Any CPU
		{A9D3CED2-2850-4775-9D20-DDAB61956C43}.Release|Any CPU.Build.0 = Release|Any CPU
		{E1B768D7-6C33-49DA-8347-D99D59BB8735}.Debug|Any CPU.ActiveCfg = Debug|Any CPU
		{E1B768D7-6C33-49DA-8347-D99D59BB8735}.Debug|Any CPU.Build.0 = Debug|Any CPU
		{E1B768D7-6C33-49DA-8347-D99D59BB8735}.Release|Any CPU.ActiveCfg = Release|Any CPU
		{E1B768D7-6C33-49DA-8347-D99D59BB8735}.Release|Any CPU.Build.0 = Release|Any CPU
		{5B44CE2F-4446-408F-9EC6-CCEE0F1B1449}.Debug|Any CPU.ActiveCfg = Debug|Any CPU
		{5B44CE2F-4446-408F-9EC6-CCEE0F1B1449}.Debug|Any CPU.Build.0 = Debug|Any CPU
		{5B44CE2F-4446-408F-9EC6-CCEE0F1B1449}.Release|Any CPU.ActiveCfg = Release|Any CPU
		{5B44CE2F-4446-408F-9EC6-CCEE0F1B1449}.Release|Any CPU.Build.0 = Release|Any CPU
		{2318E341-1DC3-41E6-804D-C67D959387DF}.Debug|Any CPU.ActiveCfg = Debug|Any CPU
		{2318E341-1DC3-41E6-804D-C67D959387DF}.Debug|Any CPU.Build.0 = Debug|Any CPU
		{2318E341-1DC3-41E6-804D-C67D959387DF}.Release|Any CPU.ActiveCfg = Release|Any CPU
		{2318E341-1DC3-41E6-804D-C67D959387DF}.Release|Any CPU.Build.0 = Release|Any CPU
	EndGlobalSection
	GlobalSection(SolutionProperties) = preSolution
		HideSolutionNode = FALSE
	EndGlobalSection
	GlobalSection(ExtensibilityGlobals) = postSolution
		SolutionGuid = {141ADBD1-9559-4048-ABFF-6DA59F73E662}
	EndGlobalSection
EndGlobal
